
Microsoft Visual Studio Solution File, Format Version 12.00
# Visual Studio Version 17
VisualStudioVersion = 17.0.31903.59
MinimumVisualStudioVersion = 10.0.40219.1
Project("{2150E333-8FDC-42A3-9474-1A3956D46DE8}") = "src", "src", "{827E0CD3-B72D-47B6-A68D-7590B98EB39B}"
EndProject
Project("{FAE04EC0-301F-11D3-BF4B-00C04F79EFBC}") = "Models", "src\Models\Models.csproj", "{E8D51051-F024-415B-A6AF-F68F0D6C777E}"
EndProject
Project("{FAE04EC0-301F-11D3-BF4B-00C04F79EFBC}") = "Services", "src\Services\Services.csproj", "{E5A71B17-7DDC-452E-AE20-141AFDAE906A}"
EndProject
Project("{FAE04EC0-301F-11D3-BF4B-00C04F79EFBC}") = "Managers", "src\Managers\Managers.csproj", "{92335A36-F5AE-45AA-B691-5054C217E33A}"
EndProject
Project("{FAE04EC0-301F-11D3-BF4B-00C04F79EFBC}") = "CLI", "src\CLI\CLI.csproj", "{36E27E57-4986-4178-98F8-3B4F6D985E2C}"
EndProject
Project("{2150E333-8FDC-42A3-9474-1A3956D46DE8}") = "tests", "tests", "{0AB3BF05-4346-4AA6-1389-037BE0695223}"
EndProject
Project("{FAE04EC0-301F-11D3-BF4B-00C04F79EFBC}") = "Managers.Tests", "tests\Managers.Tests\Managers.Tests.csproj", "{04A8B018-1954-48B8-BAAF-E17385114845}"
EndProject
Project("{FAE04EC0-301F-11D3-BF4B-00C04F79EFBC}") = "Models.Tests", "tests\Models.Tests\Models.Tests.csproj", "{C3C581BD-E5DE-4CC4-B9A5-9F76602C69A4}"
EndProject
Project("{FAE04EC0-301F-11D3-BF4B-00C04F79EFBC}") = "Services.Tests", "tests\Services.Tests\Services.Tests.csproj", "{3CECB972-EFFD-422B-9109-4D0D5AB6441E}"
EndProject
Global
	GlobalSection(SolutionConfigurationPlatforms) = preSolution
		Debug|Any CPU = Debug|Any CPU
		Debug|x64 = Debug|x64
		Debug|x86 = Debug|x86
		Release|Any CPU = Release|Any CPU
		Release|x64 = Release|x64
		Release|x86 = Release|x86
	EndGlobalSection
	GlobalSection(ProjectConfigurationPlatforms) = postSolution
		{E8D51051-F024-415B-A6AF-F68F0D6C777E}.Debug|Any CPU.ActiveCfg = Debug|Any CPU
		{E8D51051-F024-415B-A6AF-F68F0D6C777E}.Debug|Any CPU.Build.0 = Debug|Any CPU
		{E8D51051-F024-415B-A6AF-F68F0D6C777E}.Debug|x64.ActiveCfg = Debug|Any CPU
		{E8D51051-F024-415B-A6AF-F68F0D6C777E}.Debug|x64.Build.0 = Debug|Any CPU
		{E8D51051-F024-415B-A6AF-F68F0D6C777E}.Debug|x86.ActiveCfg = Debug|Any CPU
		{E8D51051-F024-415B-A6AF-F68F0D6C777E}.Debug|x86.Build.0 = Debug|Any CPU
		{E8D51051-F024-415B-A6AF-F68F0D6C777E}.Release|Any CPU.ActiveCfg = Release|Any CPU
		{E8D51051-F024-415B-A6AF-F68F0D6C777E}.Release|Any CPU.Build.0 = Release|Any CPU
		{E8D51051-F024-415B-A6AF-F68F0D6C777E}.Release|x64.ActiveCfg = Release|Any CPU
		{E8D51051-F024-415B-A6AF-F68F0D6C777E}.Release|x64.Build.0 = Release|Any CPU
		{E8D51051-F024-415B-A6AF-F68F0D6C777E}.Release|x86.ActiveCfg = Release|Any CPU
		{E8D51051-F024-415B-A6AF-F68F0D6C777E}.Release|x86.Build.0 = Release|Any CPU
		{E5A71B17-7DDC-452E-AE20-141AFDAE906A}.Debug|Any CPU.ActiveCfg = Debug|Any CPU
		{E5A71B17-7DDC-452E-AE20-141AFDAE906A}.Debug|Any CPU.Build.0 = Debug|Any CPU
		{E5A71B17-7DDC-452E-AE20-141AFDAE906A}.Debug|x64.ActiveCfg = Debug|Any CPU
		{E5A71B17-7DDC-452E-AE20-141AFDAE906A}.Debug|x64.Build.0 = Debug|Any CPU
		{E5A71B17-7DDC-452E-AE20-141AFDAE906A}.Debug|x86.ActiveCfg = Debug|Any CPU
		{E5A71B17-7DDC-452E-AE20-141AFDAE906A}.Debug|x86.Build.0 = Debug|Any CPU
		{E5A71B17-7DDC-452E-AE20-141AFDAE906A}.Release|Any CPU.ActiveCfg = Release|Any CPU
		{E5A71B17-7DDC-452E-AE20-141AFDAE906A}.Release|Any CPU.Build.0 = Release|Any CPU
		{E5A71B17-7DDC-452E-AE20-141AFDAE906A}.Release|x64.ActiveCfg = Release|Any CPU
		{E5A71B17-7DDC-452E-AE20-141AFDAE906A}.Release|x64.Build.0 = Release|Any CPU
		{E5A71B17-7DDC-452E-AE20-141AFDAE906A}.Release|x86.ActiveCfg = Release|Any CPU
		{E5A71B17-7DDC-452E-AE20-141AFDAE906A}.Release|x86.Build.0 = Release|Any CPU
		{92335A36-F5AE-45AA-B691-5054C217E33A}.Debug|Any CPU.ActiveCfg = Debug|Any CPU
		{92335A36-F5AE-45AA-B691-5054C217E33A}.Debug|Any CPU.Build.0 = Debug|Any CPU
		{92335A36-F5AE-45AA-B691-5054C217E33A}.Debug|x64.ActiveCfg = Debug|Any CPU
		{92335A36-F5AE-45AA-B691-5054C217E33A}.Debug|x64.Build.0 = Debug|Any CPU
		{92335A36-F5AE-45AA-B691-5054C217E33A}.Debug|x86.ActiveCfg = Debug|Any CPU
		{92335A36-F5AE-45AA-B691-5054C217E33A}.Debug|x86.Build.0 = Debug|Any CPU
		{92335A36-F5AE-45AA-B691-5054C217E33A}.Release|Any CPU.ActiveCfg = Release|Any CPU
		{92335A36-F5AE-45AA-B691-5054C217E33A}.Release|Any CPU.Build.0 = Release|Any CPU
		{92335A36-F5AE-45AA-B691-5054C217E33A}.Release|x64.ActiveCfg = Release|Any CPU
		{92335A36-F5AE-45AA-B691-5054C217E33A}.Release|x64.Build.0 = Release|Any CPU
		{92335A36-F5AE-45AA-B691-5054C217E33A}.Release|x86.ActiveCfg = Release|Any CPU
		{92335A36-F5AE-45AA-B691-5054C217E33A}.Release|x86.Build.0 = Release|Any CPU
		{36E27E57-4986-4178-98F8-3B4F6D985E2C}.Debug|Any CPU.ActiveCfg = Debug|Any CPU
		{36E27E57-4986-4178-98F8-3B4F6D985E2C}.Debug|Any CPU.Build.0 = Debug|Any CPU
		{36E27E57-4986-4178-98F8-3B4F6D985E2C}.Debug|x64.ActiveCfg = Debug|Any CPU
		{36E27E57-4986-4178-98F8-3B4F6D985E2C}.Debug|x64.Build.0 = Debug|Any CPU
		{36E27E57-4986-4178-98F8-3B4F6D985E2C}.Debug|x86.ActiveCfg = Debug|Any CPU
		{36E27E57-4986-4178-98F8-3B4F6D985E2C}.Debug|x86.Build.0 = Debug|Any CPU
		{36E27E57-4986-4178-98F8-3B4F6D985E2C}.Release|Any CPU.ActiveCfg = Release|Any CPU
		{36E27E57-4986-4178-98F8-3B4F6D985E2C}.Release|Any CPU.Build.0 = Release|Any CPU
		{36E27E57-4986-4178-98F8-3B4F6D985E2C}.Release|x64.ActiveCfg = Release|Any CPU
		{36E27E57-4986-4178-98F8-3B4F6D985E2C}.Release|x64.Build.0 = Release|Any CPU
		{36E27E57-4986-4178-98F8-3B4F6D985E2C}.Release|x86.ActiveCfg = Release|Any CPU
		{36E27E57-4986-4178-98F8-3B4F6D985E2C}.Release|x86.Build.0 = Release|Any CPU
		{04A8B018-1954-48B8-BAAF-E17385114845}.Debug|Any CPU.ActiveCfg = Debug|Any CPU
		{04A8B018-1954-48B8-BAAF-E17385114845}.Debug|Any CPU.Build.0 = Debug|Any CPU
		{04A8B018-1954-48B8-BAAF-E17385114845}.Debug|x64.ActiveCfg = Debug|Any CPU
		{04A8B018-1954-48B8-BAAF-E17385114845}.Debug|x64.Build.0 = Debug|Any CPU
		{04A8B018-1954-48B8-BAAF-E17385114845}.Debug|x86.ActiveCfg = Debug|Any CPU
		{04A8B018-1954-48B8-BAAF-E17385114845}.Debug|x86.Build.0 = Debug|Any CPU
		{04A8B018-1954-48B8-BAAF-E17385114845}.Release|Any CPU.ActiveCfg = Release|Any CPU
		{04A8B018-1954-48B8-BAAF-E17385114845}.Release|Any CPU.Build.0 = Release|Any CPU
		{04A8B018-1954-48B8-BAAF-E17385114845}.Release|x64.ActiveCfg = Release|Any CPU
		{04A8B018-1954-48B8-BAAF-E17385114845}.Release|x64.Build.0 = Release|Any CPU
		{04A8B018-1954-48B8-BAAF-E17385114845}.Release|x86.ActiveCfg = Release|Any CPU
		{04A8B018-1954-48B8-BAAF-E17385114845}.Release|x86.Build.0 = Release|Any CPU
		{C3C581BD-E5DE-4CC4-B9A5-9F76602C69A4}.Debug|Any CPU.ActiveCfg = Debug|Any CPU
		{C3C581BD-E5DE-4CC4-B9A5-9F76602C69A4}.Debug|Any CPU.Build.0 = Debug|Any CPU
		{C3C581BD-E5DE-4CC4-B9A5-9F76602C69A4}.Debug|x64.ActiveCfg = Debug|Any CPU
		{C3C581BD-E5DE-4CC4-B9A5-9F76602C69A4}.Debug|x64.Build.0 = Debug|Any CPU
		{C3C581BD-E5DE-4CC4-B9A5-9F76602C69A4}.Debug|x86.ActiveCfg = Debug|Any CPU
		{C3C581BD-E5DE-4CC4-B9A5-9F76602C69A4}.Debug|x86.Build.0 = Debug|Any CPU
		{C3C581BD-E5DE-4CC4-B9A5-9F76602C69A4}.Release|Any CPU.ActiveCfg = Release|Any CPU
		{C3C581BD-E5DE-4CC4-B9A5-9F76602C69A4}.Release|Any CPU.Build.0 = Release|Any CPU
		{C3C581BD-E5DE-4CC4-B9A5-9F76602C69A4}.Release|x64.ActiveCfg = Release|Any CPU
		{C3C581BD-E5DE-4CC4-B9A5-9F76602C69A4}.Release|x64.Build.0 = Release|Any CPU
		{C3C581BD-E5DE-4CC4-B9A5-9F76602C69A4}.Release|x86.ActiveCfg = Release|Any CPU
		{C3C581BD-E5DE-4CC4-B9A5-9F76602C69A4}.Release|x86.Build.0 = Release|Any CPU
		{3CECB972-EFFD-422B-9109-4D0D5AB6441E}.Debug|Any CPU.ActiveCfg = Debug|Any CPU
		{3CECB972-EFFD-422B-9109-4D0D5AB6441E}.Debug|Any CPU.Build.0 = Debug|Any CPU
		{3CECB972-EFFD-422B-9109-4D0D5AB6441E}.Debug|x64.ActiveCfg = Debug|Any CPU
		{3CECB972-EFFD-422B-9109-4D0D5AB6441E}.Debug|x64.Build.0 = Debug|Any CPU
		{3CECB972-EFFD-422B-9109-4D0D5AB6441E}.Debug|x86.ActiveCfg = Debug|Any CPU
		{3CECB972-EFFD-422B-9109-4D0D5AB6441E}.Debug|x86.Build.0 = Debug|Any CPU
		{3CECB972-EFFD-422B-9109-4D0D5AB6441E}.Release|Any CPU.ActiveCfg = Release|Any CPU
		{3CECB972-EFFD-422B-9109-4D0D5AB6441E}.Release|Any CPU.Build.0 = Release|Any CPU
		{3CECB972-EFFD-422B-9109-4D0D5AB6441E}.Release|x64.ActiveCfg = Release|Any CPU
		{3CECB972-EFFD-422B-9109-4D0D5AB6441E}.Release|x64.Build.0 = Release|Any CPU
		{3CECB972-EFFD-422B-9109-4D0D5AB6441E}.Release|x86.ActiveCfg = Release|Any CPU
		{3CECB972-EFFD-422B-9109-4D0D5AB6441E}.Release|x86.Build.0 = Release|Any CPU
	EndGlobalSection
	GlobalSection(SolutionProperties) = preSolution
		HideSolutionNode = FALSE
	EndGlobalSection
	GlobalSection(NestedProjects) = preSolution
		{E8D51051-F024-415B-A6AF-F68F0D6C777E} = {827E0CD3-B72D-47B6-A68D-7590B98EB39B}
		{E5A71B17-7DDC-452E-AE20-141AFDAE906A} = {827E0CD3-B72D-47B6-A68D-7590B98EB39B}
		{92335A36-F5AE-45AA-B691-5054C217E33A} = {827E0CD3-B72D-47B6-A68D-7590B98EB39B}
		{36E27E57-4986-4178-98F8-3B4F6D985E2C} = {827E0CD3-B72D-47B6-A68D-7590B98EB39B}
		{04A8B018-1954-48B8-BAAF-E17385114845} = {0AB3BF05-4346-4AA6-1389-037BE0695223}
		{C3C581BD-E5DE-4CC4-B9A5-9F76602C69A4} = {0AB3BF05-4346-4AA6-1389-037BE0695223}
		{3CECB972-EFFD-422B-9109-4D0D5AB6441E} = {0AB3BF05-4346-4AA6-1389-037BE0695223}
	EndGlobalSection
EndGlobal
